
Microsoft Visual Studio Solution File, Format Version 12.00
Project("{FAE04EC0-301F-11D3-BF4B-00C04F79EFBC}") = "Maffiotto - es5p115", "Maffiotto - es5p115.csproj", "{098969F5-E377-4D41-BA51-6382C478079A}"
EndProject
Global
	GlobalSection(SolutionConfigurationPlatforms) = preSolution
		Debug|Any CPU = Debug|Any CPU
		Release|Any CPU = Release|Any CPU
	EndGlobalSection
	GlobalSection(ProjectConfigurationPlatforms) = postSolution
		{098969F5-E377-4D41-BA51-6382C478079A}.Debug|Any CPU.ActiveCfg = Debug|Any CPU
		{098969F5-E377-4D41-BA51-6382C478079A}.Debug|Any CPU.Build.0 = Debug|Any CPU
		{098969F5-E377-4D41-BA51-6382C478079A}.Release|Any CPU.ActiveCfg = Release|Any CPU
		{098969F5-E377-4D41-BA51-6382C478079A}.Release|Any CPU.Build.0 = Release|Any CPU
	EndGlobalSection
EndGlobal
