
Microsoft Visual Studio Solution File, Format Version 12.00
Project("{FAE04EC0-301F-11D3-BF4B-00C04F79EFBC}") = "Maffiotto - es9p115", "Maffiotto - es9p115.csproj", "{3E1D806C-CB5C-44F3-97B9-CFCAE602E1DF}"
EndProject
Global
	GlobalSection(SolutionConfigurationPlatforms) = preSolution
		Debug|Any CPU = Debug|Any CPU
		Release|Any CPU = Release|Any CPU
	EndGlobalSection
	GlobalSection(ProjectConfigurationPlatforms) = postSolution
		{3E1D806C-CB5C-44F3-97B9-CFCAE602E1DF}.Debug|Any CPU.ActiveCfg = Debug|Any CPU
		{3E1D806C-CB5C-44F3-97B9-CFCAE602E1DF}.Debug|Any CPU.Build.0 = Debug|Any CPU
		{3E1D806C-CB5C-44F3-97B9-CFCAE602E1DF}.Release|Any CPU.ActiveCfg = Release|Any CPU
		{3E1D806C-CB5C-44F3-97B9-CFCAE602E1DF}.Release|Any CPU.Build.0 = Release|Any CPU
	EndGlobalSection
EndGlobal
