
Microsoft Visual Studio Solution File, Format Version 12.00
# Visual Studio Version 17
VisualStudioVersion = 17.14.36616.10 d17.14
MinimumVisualStudioVersion = 10.0.40219.1
Project("{FAE04EC0-301F-11D3-BF4B-00C04F79EFBC}") = "Maffiotto-es1p115", "Maffiotto-es1p115\Maffiotto-es1p115.csproj", "{80FB9B4F-B5A2-4134-97B0-F3CFB1C06DA6}"
EndProject
Global
	GlobalSection(SolutionConfigurationPlatforms) = preSolution
		Debug|Any CPU = Debug|Any CPU
		Release|Any CPU = Release|Any CPU
	EndGlobalSection
	GlobalSection(ProjectConfigurationPlatforms) = postSolution
		{80FB9B4F-B5A2-4134-97B0-F3CFB1C06DA6}.Debug|Any CPU.ActiveCfg = Debug|Any CPU
		{80FB9B4F-B5A2-4134-97B0-F3CFB1C06DA6}.Debug|Any CPU.Build.0 = Debug|Any CPU
		{80FB9B4F-B5A2-4134-97B0-F3CFB1C06DA6}.Release|Any CPU.ActiveCfg = Release|Any CPU
		{80FB9B4F-B5A2-4134-97B0-F3CFB1C06DA6}.Release|Any CPU.Build.0 = Release|Any CPU
	EndGlobalSection
	GlobalSection(SolutionProperties) = preSolution
		HideSolutionNode = FALSE
	EndGlobalSection
	GlobalSection(ExtensibilityGlobals) = postSolution
		SolutionGuid = {8323F001-718A-430E-A56E-5D7539EC9AF9}
	EndGlobalSection
EndGlobal
