
Microsoft Visual Studio Solution File, Format Version 12.00
Project("{FAE04EC0-301F-11D3-BF4B-00C04F79EFBC}") = "Maffiotto - es36p85", "Maffiotto - es36p85.csproj", "{56655649-74BE-4985-B905-96565FC4DCAA}"
EndProject
Global
	GlobalSection(SolutionConfigurationPlatforms) = preSolution
		Debug|Any CPU = Debug|Any CPU
		Release|Any CPU = Release|Any CPU
	EndGlobalSection
	GlobalSection(ProjectConfigurationPlatforms) = postSolution
		{56655649-74BE-4985-B905-96565FC4DCAA}.Debug|Any CPU.ActiveCfg = Debug|Any CPU
		{56655649-74BE-4985-B905-96565FC4DCAA}.Debug|Any CPU.Build.0 = Debug|Any CPU
		{56655649-74BE-4985-B905-96565FC4DCAA}.Release|Any CPU.ActiveCfg = Release|Any CPU
		{56655649-74BE-4985-B905-96565FC4DCAA}.Release|Any CPU.Build.0 = Release|Any CPU
	EndGlobalSection
EndGlobal
