
Microsoft Visual Studio Solution File, Format Version 12.00
Project("{FAE04EC0-301F-11D3-BF4B-00C04F79EFBC}") = "Maffiotto - es41p85", "Maffiotto - es41p85.csproj", "{EDC8DEF4-F8C2-4F81-BB93-97EAC8B654BE}"
EndProject
Global
	GlobalSection(SolutionConfigurationPlatforms) = preSolution
		Debug|Any CPU = Debug|Any CPU
		Release|Any CPU = Release|Any CPU
	EndGlobalSection
	GlobalSection(ProjectConfigurationPlatforms) = postSolution
		{EDC8DEF4-F8C2-4F81-BB93-97EAC8B654BE}.Debug|Any CPU.ActiveCfg = Debug|Any CPU
		{EDC8DEF4-F8C2-4F81-BB93-97EAC8B654BE}.Debug|Any CPU.Build.0 = Debug|Any CPU
		{EDC8DEF4-F8C2-4F81-BB93-97EAC8B654BE}.Release|Any CPU.ActiveCfg = Release|Any CPU
		{EDC8DEF4-F8C2-4F81-BB93-97EAC8B654BE}.Release|Any CPU.Build.0 = Release|Any CPU
	EndGlobalSection
EndGlobal
