
Microsoft Visual Studio Solution File, Format Version 12.00
# Visual Studio Version 17
VisualStudioVersion = 17.14.36930.0 d17.14
MinimumVisualStudioVersion = 10.0.40219.1
Project("{FAE04EC0-301F-11D3-BF4B-00C04F79EFBC}") = "Maffiotto - es19p116", "Maffiotto - es19p116.csproj", "{4A162B90-1800-4E59-9CCE-FE8A884EE255}"
EndProject
Global
	GlobalSection(SolutionConfigurationPlatforms) = preSolution
		Debug|Any CPU = Debug|Any CPU
		Release|Any CPU = Release|Any CPU
	EndGlobalSection
	GlobalSection(ProjectConfigurationPlatforms) = postSolution
		{4A162B90-1800-4E59-9CCE-FE8A884EE255}.Debug|Any CPU.ActiveCfg = Debug|Any CPU
		{4A162B90-1800-4E59-9CCE-FE8A884EE255}.Debug|Any CPU.Build.0 = Debug|Any CPU
		{4A162B90-1800-4E59-9CCE-FE8A884EE255}.Release|Any CPU.ActiveCfg = Release|Any CPU
		{4A162B90-1800-4E59-9CCE-FE8A884EE255}.Release|Any CPU.Build.0 = Release|Any CPU
	EndGlobalSection
	GlobalSection(SolutionProperties) = preSolution
		HideSolutionNode = FALSE
	EndGlobalSection
	GlobalSection(ExtensibilityGlobals) = postSolution
		SolutionGuid = {3EEC5FFD-DB06-40F2-B24B-12D25C453E62}
	EndGlobalSection
EndGlobal
