
Microsoft Visual Studio Solution File, Format Version 12.00
Project("{FAE04EC0-301F-11D3-BF4B-00C04F79EFBC}") = "Maffiotto - pag173es1", "Maffiotto - pag173es1.csproj", "{4492FBDA-11F3-42CD-BE93-EAAB5597CF2C}"
EndProject
Global
	GlobalSection(SolutionConfigurationPlatforms) = preSolution
		Debug|Any CPU = Debug|Any CPU
		Release|Any CPU = Release|Any CPU
	EndGlobalSection
	GlobalSection(ProjectConfigurationPlatforms) = postSolution
		{4492FBDA-11F3-42CD-BE93-EAAB5597CF2C}.Debug|Any CPU.ActiveCfg = Debug|Any CPU
		{4492FBDA-11F3-42CD-BE93-EAAB5597CF2C}.Debug|Any CPU.Build.0 = Debug|Any CPU
		{4492FBDA-11F3-42CD-BE93-EAAB5597CF2C}.Release|Any CPU.ActiveCfg = Release|Any CPU
		{4492FBDA-11F3-42CD-BE93-EAAB5597CF2C}.Release|Any CPU.Build.0 = Release|Any CPU
	EndGlobalSection
EndGlobal
