
Microsoft Visual Studio Solution File, Format Version 12.00
Project("{FAE04EC0-301F-11D3-BF4B-00C04F79EFBC}") = "Maffiotto - es40p85", "Maffiotto - es40p85.csproj", "{CD9D0ED6-F562-4148-A18B-876E599271B9}"
EndProject
Global
	GlobalSection(SolutionConfigurationPlatforms) = preSolution
		Debug|Any CPU = Debug|Any CPU
		Release|Any CPU = Release|Any CPU
	EndGlobalSection
	GlobalSection(ProjectConfigurationPlatforms) = postSolution
		{CD9D0ED6-F562-4148-A18B-876E599271B9}.Debug|Any CPU.ActiveCfg = Debug|Any CPU
		{CD9D0ED6-F562-4148-A18B-876E599271B9}.Debug|Any CPU.Build.0 = Debug|Any CPU
		{CD9D0ED6-F562-4148-A18B-876E599271B9}.Release|Any CPU.ActiveCfg = Release|Any CPU
		{CD9D0ED6-F562-4148-A18B-876E599271B9}.Release|Any CPU.Build.0 = Release|Any CPU
	EndGlobalSection
EndGlobal
