
Microsoft Visual Studio Solution File, Format Version 12.00
Project("{FAE04EC0-301F-11D3-BF4B-00C04F79EFBC}") = "BibliotecaRicerca", "BibliotecaRicerca.csproj", "{A87AFB21-94A9-4B5F-A17C-315C784D93F3}"
EndProject
Global
	GlobalSection(SolutionConfigurationPlatforms) = preSolution
		Debug|Any CPU = Debug|Any CPU
		Release|Any CPU = Release|Any CPU
	EndGlobalSection
	GlobalSection(ProjectConfigurationPlatforms) = postSolution
		{A87AFB21-94A9-4B5F-A17C-315C784D93F3}.Debug|Any CPU.ActiveCfg = Debug|Any CPU
		{A87AFB21-94A9-4B5F-A17C-315C784D93F3}.Debug|Any CPU.Build.0 = Debug|Any CPU
		{A87AFB21-94A9-4B5F-A17C-315C784D93F3}.Release|Any CPU.ActiveCfg = Release|Any CPU
		{A87AFB21-94A9-4B5F-A17C-315C784D93F3}.Release|Any CPU.Build.0 = Release|Any CPU
	EndGlobalSection
EndGlobal
